{
  "lockfileVersion": 1,
  "configVersion": 1,
  "workspaces": {
    "": {
      "name": "velqu-baseline-elysia2",
      "dependencies": {
        "elysia": "2.0.0-beta.4",
      },
    },
  },
  "packages": {
    "deuri": ["deuri@3.0.0", "", {}, "sha512-3rbQr245VesQGHyzUlWmpv3WihImbLT5NBe/mrgsgEvc7aWTYEpDhER8Z3RsdiDSYw1kxQo0kU9fpociUu77/w=="],

    "elysia": ["elysia@2.0.0-beta.4", "", { "dependencies": { "deuri": "^3.0.0", "memoirist": "1.2.2" }, "peerDependencies": { "@types/bun": ">= 1.3.0", "exact-mirror": ">= 1.2.2", "openapi-types": ">= 12.0.0", "typebox": ">= 1.3.0", "typescript": ">= 5.7.0" }, "optionalPeers": ["@types/bun", "openapi-types", "typescript"] }, "sha512-pFjjP+uANO9kMLvN3QKQphCH5atwOTCC/lMhvj+fDhV3BWiwGTDNDyZPMpu0nmtcUIgjrlVyDajhuzMkYoBUGg=="],

    "exact-mirror": ["exact-mirror@1.2.4", "", { "peerDependencies": { "typebox": ">= 1.1.0" }, "optionalPeers": ["typebox"] }, "sha512-lNLw824fkSqcHSxNIh8skA7gHO5X5Q8UUllXuRedtJCU8cJwKOT3XPQY8GfhveatFMO4nCK8+oEXsLGErMWC/Q=="],

    "memoirist": ["memoirist@1.2.2", "", {}, "sha512-d5b1l7vth7Iim1z4z+GHQtxs2sQvcsvDn928FdJW7dPFu3ChIb66xpaA/QF1VKKEiskScuB6RXramHpXF35ZEw=="],

    "typebox": ["typebox@1.3.15", "", {}, "sha512-gOKAjLqUr+bFGbO5vxCEO5+nHh2wO+swzSIkiJJC0kJ4oLN6f65SrZn6tJYhsYO+qdnpf2NmlQwgsayYoi1NkQ=="],
  }
}
